// !$*UTF8*$!
{
	archiveVersion = 1;
	classes = {
	};
	objectVersion = 50;
	objects = {

/* Begin PBXBuildFile section */
		7D285F87219235DF000EA5F9 /* AppDelegate.swift in Sources */ = {isa = PBXBuildFile; fileRef = 7D285F86219235DF000EA5F9 /* AppDelegate.swift */; };
		7D285F89219235DF000EA5F9 /* art.scnassets in Resources */ = {isa = PBXBuildFile; fileRef = 7D285F88219235DF000EA5F9 /* art.scnassets */; };
		7D285F8B219235DF000EA5F9 /* ViewController.swift in Sources */ = {isa = PBXBuildFile; fileRef = 7D285F8A219235DF000EA5F9 /* ViewController.swift */; };
		7D285F8E219235DF000EA5F9 /* Main.storyboard in Resources */ = {isa = PBXBuildFile; fileRef = 7D285F8C219235DF000EA5F9 /* Main.storyboard */; };
		7D285F90219235E1000EA5F9 /* Assets.xcassets in Resources */ = {isa = PBXBuildFile; fileRef = 7D285F8F219235E1000EA5F9 /* Assets.xcassets */; };
		7D285F93219235E1000EA5F9 /* LaunchScreen.storyboard in Resources */ = {isa = PBXBuildFile; fileRef = 7D285F91219235E1000EA5F9 /* LaunchScreen.storyboard */; };
		7D285F9B21927E1E000EA5F9 /* LSPlane.swift in Sources */ = {isa = PBXBuildFile; fileRef = 7D285F9A21927E1D000EA5F9 /* LSPlane.swift */; };
		7D285F9D21928782000EA5F9 /* LightFragment.swift in Sources */ = {isa = PBXBuildFile; fileRef = 7D285F9C21928782000EA5F9 /* LightFragment.swift */; };
		7D36F01021BC6BA8002A2371 /* Light.swift in Sources */ = {isa = PBXBuildFile; fileRef = 7D36F00F21BC6BA8002A2371 /* Light.swift */; };
		7D36F01221BC7085002A2371 /* SCNVector3+MathUtils.swift in Sources */ = {isa = PBXBuildFile; fileRef = 7D36F01121BC7085002A2371 /* SCNVector3+MathUtils.swift */; };
		7D4C39D621C0C9DE008BECA6 /* Extensions.swift in Sources */ = {isa = PBXBuildFile; fileRef = 7D4C39D521C0C9DE008BECA6 /* Extensions.swift */; };
		7DA0C4F621ACF1EF007FA107 /* Arena.swift in Sources */ = {isa = PBXBuildFile; fileRef = 7DA0C4F521ACF1EF007FA107 /* Arena.swift */; };
/* End PBXBuildFile section */

/* Begin PBXFileReference section */
		7D285F83219235DF000EA5F9 /* ARPlayground.app */ = {isa = PBXFileReference; explicitFileType = wrapper.application; includeInIndex = 0; path = ARPlayground.app; sourceTree = BUILT_PRODUCTS_DIR; };
		7D285F86219235DF000EA5F9 /* AppDelegate.swift */ = {isa = PBXFileReference; lastKnownFileType = sourcecode.swift; path = AppDelegate.swift; sourceTree = "<group>"; };
		7D285F88219235DF000EA5F9 /* art.scnassets */ = {isa = PBXFileReference; lastKnownFileType = wrapper.scnassets; path = art.scnassets; sourceTree = "<group>"; };
		7D285F8A219235DF000EA5F9 /* ViewController.swift */ = {isa = PBXFileReference; lastKnownFileType = sourcecode.swift; path = ViewController.swift; sourceTree = "<group>"; };
		7D285F8D219235DF000EA5F9 /* Base */ = {isa = PBXFileReference; lastKnownFileType = file.storyboard; name = Base; path = Base.lproj/Main.storyboard; sourceTree = "<group>"; };
		7D285F8F219235E1000EA5F9 /* Assets.xcassets */ = {isa = PBXFileReference; lastKnownFileType = folder.assetcatalog; path = Assets.xcassets; sourceTree = "<group>"; };
		7D285F92219235E1000EA5F9 /* Base */ = {isa = PBXFileReference; lastKnownFileType = file.storyboard; name = Base; path = Base.lproj/LaunchScreen.storyboard; sourceTree = "<group>"; };
		7D285F94219235E1000EA5F9 /* Info.plist */ = {isa = PBXFileReference; lastKnownFileType = text.plist.xml; path = Info.plist; sourceTree = "<group>"; };
		7D285F9A21927E1D000EA5F9 /* LSPlane.swift */ = {isa = PBXFileReference; lastKnownFileType = sourcecode.swift; path = LSPlane.swift; sourceTree = "<group>"; };
		7D285F9C21928782000EA5F9 /* LightFragment.swift */ = {isa = PBXFileReference; lastKnownFileType = sourcecode.swift; path = LightFragment.swift; sourceTree = "<group>"; };
		7D36F00F21BC6BA8002A2371 /* Light.swift */ = {isa = PBXFileReference; lastKnownFileType = sourcecode.swift; path = Light.swift; sourceTree = "<group>"; };
		7D36F01121BC7085002A2371 /* SCNVector3+MathUtils.swift */ = {isa = PBXFileReference; lastKnownFileType = sourcecode.swift; path = "SCNVector3+MathUtils.swift"; sourceTree = "<group>"; };
		7D4C39D521C0C9DE008BECA6 /* Extensions.swift */ = {isa = PBXFileReference; lastKnownFileType = sourcecode.swift; path = Extensions.swift; sourceTree = "<group>"; };
		7DA0C4F521ACF1EF007FA107 /* Arena.swift */ = {isa = PBXFileReference; lastKnownFileType = sourcecode.swift; path = Arena.swift; sourceTree = "<group>"; };
/* End PBXFileReference section */

/* Begin PBXFrameworksBuildPhase section */
		7D285F80219235DF000EA5F9 /* Frameworks */ = {
			isa = PBXFrameworksBuildPhase;
			buildActionMask = 2147483647;
			files = (
			);
			runOnlyForDeploymentPostprocessing = 0;
		};
/* End PBXFrameworksBuildPhase section */

/* Begin PBXGroup section */
		7D285F7A219235DF000EA5F9 = {
			isa = PBXGroup;
			children = (
				7D285F85219235DF000EA5F9 /* ARPlayground */,
				7D285F84219235DF000EA5F9 /* Products */,
			);
			sourceTree = "<group>";
		};
		7D285F84219235DF000EA5F9 /* Products */ = {
			isa = PBXGroup;
			children = (
				7D285F83219235DF000EA5F9 /* ARPlayground.app */,
			);
			name = Products;
			sourceTree = "<group>";
		};
		7D285F85219235DF000EA5F9 /* ARPlayground */ = {
			isa = PBXGroup;
			children = (
				7D285F86219235DF000EA5F9 /* AppDelegate.swift */,
				7D285F88219235DF000EA5F9 /* art.scnassets */,
				7D285F8A219235DF000EA5F9 /* ViewController.swift */,
				7D285F9A21927E1D000EA5F9 /* LSPlane.swift */,
				7D285F8C219235DF000EA5F9 /* Main.storyboard */,
				7D285F8F219235E1000EA5F9 /* Assets.xcassets */,
				7D285F91219235E1000EA5F9 /* LaunchScreen.storyboard */,
				7D285F94219235E1000EA5F9 /* Info.plist */,
				7D36F00F21BC6BA8002A2371 /* Light.swift */,
				7D285F9C21928782000EA5F9 /* LightFragment.swift */,
				7DA0C4F521ACF1EF007FA107 /* Arena.swift */,
				7D36F01121BC7085002A2371 /* SCNVector3+MathUtils.swift */,
				7D4C39D521C0C9DE008BECA6 /* Extensions.swift */,
			);
			path = ARPlayground;
			sourceTree = "<group>";
		};
/* End PBXGroup section */

/* Begin PBXNativeTarget section */
		7D285F82219235DF000EA5F9 /* ARPlayground */ = {
			isa = PBXNativeTarget;
			buildConfigurationList = 7D285F97219235E1000EA5F9 /* Build configuration list for PBXNativeTarget "ARPlayground" */;
			buildPhases = (
				7D285F7F219235DF000EA5F9 /* Sources */,
				7D285F80219235DF000EA5F9 /* Frameworks */,
				7D285F81219235DF000EA5F9 /* Resources */,
			);
			buildRules = (
			);
			dependencies = (
			);
			name = ARPlayground;
			productName = ARPlayground;
			productReference = 7D285F83219235DF000EA5F9 /* ARPlayground.app */;
			productType = "com.apple.product-type.application";
		};
/* End PBXNativeTarget section */

/* Begin PBXProject section */
		7D285F7B219235DF000EA5F9 /* Project object */ = {
			isa = PBXProject;
			attributes = {
				LastSwiftUpdateCheck = 1000;
				LastUpgradeCheck = 1000;
				ORGANIZATIONNAME = "Justin Lycklama";
				TargetAttributes = {
					7D285F82219235DF000EA5F9 = {
						CreatedOnToolsVersion = 10.0;
					};
				};
			};
			buildConfigurationList = 7D285F7E219235DF000EA5F9 /* Build configuration list for PBXProject "ARPlayground" */;
			compatibilityVersion = "Xcode 9.3";
			developmentRegion = en;
			hasScannedForEncodings = 0;
			knownRegions = (
				en,
				Base,
			);
			mainGroup = 7D285F7A219235DF000EA5F9;
			productRefGroup = 7D285F84219235DF000EA5F9 /* Products */;
			projectDirPath = "";
			projectRoot = "";
			targets = (
				7D285F82219235DF000EA5F9 /* ARPlayground */,
			);
		};
/* End PBXProject section */

/* Begin PBXResourcesBuildPhase section */
		7D285F81219235DF000EA5F9 /* Resources */ = {
			isa = PBXResourcesBuildPhase;
			buildActionMask = 2147483647;
			files = (
				7D285F89219235DF000EA5F9 /* art.scnassets in Resources */,
				7D285F93219235E1000EA5F9 /* LaunchScreen.storyboard in Resources */,
				7D285F90219235E1000EA5F9 /* Assets.xcassets in Resources */,
				7D285F8E219235DF000EA5F9 /* Main.storyboard in Resources */,
			);
			runOnlyForDeploymentPostprocessing = 0;
		};
/* End PBXResourcesBuildPhase section */

/* Begin PBXSourcesBuildPhase section */
		7D285F7F219235DF000EA5F9 /* Sources */ = {
			isa = PBXSourcesBuildPhase;
			buildActionMask = 2147483647;
			files = (
				7D36F01221BC7085002A2371 /* SCNVector3+MathUtils.swift in Sources */,
				7D36F01021BC6BA8002A2371 /* Light.swift in Sources */,
				7D285F8B219235DF000EA5F9 /* ViewController.swift in Sources */,
				7D4C39D621C0C9DE008BECA6 /* Extensions.swift in Sources */,
				7D285F9B21927E1E000EA5F9 /* LSPlane.swift in Sources */,
				7DA0C4F621ACF1EF007FA107 /* Arena.swift in Sources */,
				7D285F9D21928782000EA5F9 /* LightFragment.swift in Sources */,
				7D285F87219235DF000EA5F9 /* AppDelegate.swift in Sources */,
			);
			runOnlyForDeploymentPostprocessing = 0;
		};
/* End PBXSourcesBuildPhase section */

/* Begin PBXVariantGroup section */
		7D285F8C219235DF000EA5F9 /* Main.storyboard */ = {
			isa = PBXVariantGroup;
			children = (
				7D285F8D219235DF000EA5F9 /* Base */,
			);
			name = Main.storyboard;
			sourceTree = "<group>";
		};
		7D285F91219235E1000EA5F9 /* LaunchScreen.storyboard */ = {
			isa = PBXVariantGroup;
			children = (
				7D285F92219235E1000EA5F9 /* Base */,
			);
			name = LaunchScreen.storyboard;
			sourceTree = "<group>";
		};
/* End PBXVariantGroup section */

/* Begin XCBuildConfiguration section */
		7D285F95219235E1000EA5F9 /* Debug */ = {
			isa = XCBuildConfiguration;
			buildSettings = {
				ALWAYS_SEARCH_USER_PATHS = NO;
				CLANG_ANALYZER_NONNULL = YES;
				CLANG_ANALYZER_NUMBER_OBJECT_CONVERSION = YES_AGGRESSIVE;
				CLANG_CXX_LANGUAGE_STANDARD = "gnu++14";
				CLANG_CXX_LIBRARY = "libc++";
				CLANG_ENABLE_MODULES = YES;
				CLANG_ENABLE_OBJC_ARC = YES;
				CLANG_ENABLE_OBJC_WEAK = YES;
				CLANG_WARN_BLOCK_CAPTURE_AUTORELEASING = YES;
				CLANG_WARN_BOOL_CONVERSION = YES;
				CLANG_WARN_COMMA = YES;
				CLANG_WARN_CONSTANT_CONVERSION = YES;
				CLANG_WARN_DEPRECATED_OBJC_IMPLEMENTATIONS = YES;
				CLANG_WARN_DIRECT_OBJC_ISA_USAGE = YES_ERROR;
				CLANG_WARN_DOCUMENTATION_COMMENTS = YES;
				CLANG_WARN_EMPTY_BODY = YES;
				CLANG_WARN_ENUM_CONVERSION = YES;
				CLANG_WARN_INFINITE_RECURSION = YES;
				CLANG_WARN_INT_CONVERSION = YES;
				CLANG_WARN_NON_LITERAL_NULL_CONVERSION = YES;
				CLANG_WARN_OBJC_IMPLICIT_RETAIN_SELF = YES;
				CLANG_WARN_OBJC_LITERAL_CONVERSION = YES;
				CLANG_WARN_OBJC_ROOT_CLASS = YES_ERROR;
				CLANG_WARN_RANGE_LOOP_ANALYSIS = YES;
				CLANG_WARN_STRICT_PROTOTYPES = YES;
				CLANG_WARN_SUSPICIOUS_MOVE = YES;
				CLANG_WARN_UNGUARDED_AVAILABILITY = YES_AGGRESSIVE;
				CLANG_WARN_UNREACHABLE_CODE = YES;
				CLANG_WARN__DUPLICATE_METHOD_MATCH = YES;
				CODE_SIGN_IDENTITY = "iPhone Developer";
				COPY_PHASE_STRIP = NO;
				DEBUG_INFORMATION_FORMAT = dwarf;
				ENABLE_STRICT_OBJC_MSGSEND = YES;
				ENABLE_TESTABILITY = YES;
				GCC_C_LANGUAGE_STANDARD = gnu11;
				GCC_DYNAMIC_NO_PIC = NO;
				GCC_NO_COMMON_BLOCKS = YES;
				GCC_OPTIMIZATION_LEVEL = 0;
				GCC_PREPROCESSOR_DEFINITIONS = (
					"DEBUG=1",
					"$(inherited)",
				);
				GCC_WARN_64_TO_32_BIT_CONVERSION = YES;
				GCC_WARN_ABOUT_RETURN_TYPE = YES_ERROR;
				GCC_WARN_UNDECLARED_SELECTOR = YES;
				GCC_WARN_UNINITIALIZED_AUTOS = YES_AGGRESSIVE;
				GCC_WARN_UNUSED_FUNCTION = YES;
				GCC_WARN_UNUSED_VARIABLE = YES;
				IPHONEOS_DEPLOYMENT_TARGET = 12.0;
				MTL_ENABLE_DEBUG_INFO = INCLUDE_SOURCE;
				MTL_FAST_MATH = YES;
				ONLY_ACTIVE_ARCH = YES;
				SDKROOT = iphoneos;
				SWIFT_ACTIVE_COMPILATION_CONDITIONS = DEBUG;
				SWIFT_OPTIMIZATION_LEVEL = "-Onone";
			};
			name = Debug;
		};
		7D285F96219235E1000EA5F9 /* Release */ = {
			isa = XCBuildConfiguration;
			buildSettings = {
				ALWAYS_SEARCH_USER_PATHS = NO;
				CLANG_ANALYZER_NONNULL = YES;
				CLANG_ANALYZER_NUMBER_OBJECT_CONVERSION = YES_AGGRESSIVE;
				CLANG_CXX_LANGUAGE_STANDARD = "gnu++14";
				CLANG_CXX_LIBRARY = "libc++";
				CLANG_ENABLE_MODULES = YES;
				CLANG_ENABLE_OBJC_ARC = YES;
				CLANG_ENABLE_OBJC_WEAK = YES;
				CLANG_WARN_BLOCK_CAPTURE_AUTORELEASING = YES;
				CLANG_WARN_BOOL_CONVERSION = YES;
				CLANG_WARN_COMMA = YES;
				CLANG_WARN_CONSTANT_CONVERSION = YES;
				CLANG_WARN_DEPRECATED_OBJC_IMPLEMENTATIONS = YES;
				CLANG_WARN_DIRECT_OBJC_ISA_USAGE = YES_ERROR;
				CLANG_WARN_DOCUMENTATION_COMMENTS = YES;
				CLANG_WARN_EMPTY_BODY = YES;
				CLANG_WARN_ENUM_CONVERSION = YES;
				CLANG_WARN_INFINITE_RECURSION = YES;
				CLANG_WARN_INT_CONVERSION = YES;
				CLANG_WARN_NON_LITERAL_NULL_CONVERSION = YES;
				CLANG_WARN_OBJC_IMPLICIT_RETAIN_SELF = YES;
				CLANG_WARN_OBJC_LITERAL_CONVERSION = YES;
				CLANG_WARN_OBJC_ROOT_CLASS = YES_ERROR;
				CLANG_WARN_RANGE_LOOP_ANALYSIS = YES;
				CLANG_WARN_STRICT_PROTOTYPES = YES;
				CLANG_WARN_SUSPICIOUS_MOVE = YES;
				CLANG_WARN_UNGUARDED_AVAILABILITY = YES_AGGRESSIVE;
				CLANG_WARN_UNREACHABLE_CODE = YES;
				CLANG_WARN__DUPLICATE_METHOD_MATCH = YES;
				CODE_SIGN_IDENTITY = "iPhone Developer";
				COPY_PHASE_STRIP = NO;
				DEBUG_INFORMATION_FORMAT = "dwarf-with-dsym";
				ENABLE_NS_ASSERTIONS = NO;
				ENABLE_STRICT_OBJC_MSGSEND = YES;
				GCC_C_LANGUAGE_STANDARD = gnu11;
				GCC_NO_COMMON_BLOCKS = YES;
				GCC_WARN_64_TO_32_BIT_CONVERSION = YES;
				GCC_WARN_ABOUT_RETURN_TYPE = YES_ERROR;
				GCC_WARN_UNDECLARED_SELECTOR = YES;
				GCC_WARN_UNINITIALIZED_AUTOS = YES_AGGRESSIVE;
				GCC_WARN_UNUSED_FUNCTION = YES;
				GCC_WARN_UNUSED_VARIABLE = YES;
				IPHONEOS_DEPLOYMENT_TARGET = 12.0;
				MTL_ENABLE_DEBUG_INFO = NO;
				MTL_FAST_MATH = YES;
				SDKROOT = iphoneos;
				SWIFT_COMPILATION_MODE = wholemodule;
				SWIFT_OPTIMIZATION_LEVEL = "-O";
				VALIDATE_PRODUCT = YES;
			};
			name = Release;
		};
		7D285F98219235E1000EA5F9 /* Debug */ = {
			isa = XCBuildConfiguration;
			buildSettings = {
				ASSETCATALOG_COMPILER_APPICON_NAME = AppIcon;
				CODE_SIGN_STYLE = Automatic;
				DEVELOPMENT_TEAM = T6HT7F4HUZ;
				INFOPLIST_FILE = ARPlayground/Info.plist;
				LD_RUNPATH_SEARCH_PATHS = (
					"$(inherited)",
					"@executable_path/Frameworks",
				);
				PRODUCT_BUNDLE_IDENTIFIER = llamashins.ARPlayground;
				PRODUCT_NAME = "$(TARGET_NAME)";
				SWIFT_VERSION = 4.2;
				TARGETED_DEVICE_FAMILY = "1,2";
			};
			name = Debug;
		};
		7D285F99219235E1000EA5F9 /* Release */ = {
			isa = XCBuildConfiguration;
			buildSettings = {
				ASSETCATALOG_COMPILER_APPICON_NAME = AppIcon;
				CODE_SIGN_STYLE = Automatic;
				DEVELOPMENT_TEAM = T6HT7F4HUZ;
				INFOPLIST_FILE = ARPlayground/Info.plist;
				LD_RUNPATH_SEARCH_PATHS = (
					"$(inherited)",
					"@executable_path/Frameworks",
				);
				PRODUCT_BUNDLE_IDENTIFIER = llamashins.ARPlayground;
				PRODUCT_NAME = "$(TARGET_NAME)";
				SWIFT_VERSION = 4.2;
				TARGETED_DEVICE_FAMILY = "1,2";
			};
			name = Release;
		};
/* End XCBuildConfiguration section */

/* Begin XCConfigurationList section */
		7D285F7E219235DF000EA5F9 /* Build configuration list for PBXProject "ARPlayground" */ = {
			isa = XCConfigurationList;
			buildConfigurations = (
				7D285F95219235E1000EA5F9 /* Debug */,
				7D285F96219235E1000EA5F9 /* Release */,
			);
			defaultConfigurationIsVisible = 0;
			defaultConfigurationName = Release;
		};
		7D285F97219235E1000EA5F9 /* Build configuration list for PBXNativeTarget "ARPlayground" */ = {
			isa = XCConfigurationList;
			buildConfigurations = (
				7D285F98219235E1000EA5F9 /* Debug */,
				7D285F99219235E1000EA5F9 /* Release */,
			);
			defaultConfigurationIsVisible = 0;
			defaultConfigurationName = Release;
		};
/* End XCConfigurationList section */
	};
	rootObject = 7D285F7B219235DF000EA5F9 /* Project object */;
}
